{
  "requires": true,
  "lockfileVersion": 1,
  "dependencies": {
    "jautocalc": {
      "version": "1.2.0",
      "resolved": "https://registry.npmjs.org/jautocalc/-/jautocalc-1.2.0.tgz",
      "integrity": "sha512-+Ourl9RfVFHlmywgFMqW4wfXYl6xAKmHTF9SNLyZuAxSfzgUHlgpZfaD0Y3hkxd6B9F8UNmXIhPzBncgDXSqNg=="
    }
  }
}
